
Microsoft Visual Studio Solution File, Format Version 12.00
# Visual Studio Version 17
VisualStudioVersion = 17.3.32825.248
MinimumVisualStudioVersion = 10.0.40219.1
Project("{FAE04EC0-301F-11D3-BF4B-00C04F79EFBC}") = "DetectLabelProblems", "DetectLabelProblems.csproj", "{8AA49C98-F4C9-4BA4-AEA8-4097C055A164}"
EndProject
Global
	GlobalSection(SolutionConfigurationPlatforms) = preSolution
		Debug|Any CPU = Debug|Any CPU
		Release|Any CPU = Release|Any CPU
	EndGlobalSection
	GlobalSection(ProjectConfigurationPlatforms) = postSolution
		{8AA49C98-F4C9-4BA4-AEA8-4097C055A164}.Debug|Any CPU.ActiveCfg = Debug|Any CPU
		{8AA49C98-F4C9-4BA4-AEA8-4097C055A164}.Debug|Any CPU.Build.0 = Debug|Any CPU
		{8AA49C98-F4C9-4BA4-AEA8-4097C055A164}.Release|Any CPU.ActiveCfg = Release|Any CPU
		{8AA49C98-F4C9-4BA4-AEA8-4097C055A164}.Release|Any CPU.Build.0 = Release|Any CPU
	EndGlobalSection
	GlobalSection(SolutionProperties) = preSolution
		HideSolutionNode = FALSE
	EndGlobalSection
	GlobalSection(ExtensibilityGlobals) = postSolution
		SolutionGuid = {8AD91B6A-BDC6-416D-9D75-F637853718C7}
	EndGlobalSection
EndGlobal
